PODS:
  - Nimble (3.2.0)
  - Quick (0.9.2)
  - WebView-Utilities (0.1.0)

DEPENDENCIES:
  - Nimble (~> 3.0)
  - Quick (~> 0.8)
  - WebView-Utilities (from `../`)

EXTERNAL SOURCES:
  WebView-Utilities:
    :path: "../"

SPEC CHECKSUMS:
  Nimble: 703854335d181df169bbca9c97117b5cf8c47c1d
  Quick: 18d057bc66451eedd5d1c8dc99ba2a5db6e60226
  WebView-Utilities: 99e15b2299a61640c6ffa519c0410c12d587905f

PODFILE CHECKSUM: e65a4d7070170b4e187851019a71b6f95ef0f6d3

COCOAPODS: 1.0.1
